
Microsoft Visual Studio Solution File, Format Version 12.00
# Visual Studio Version 17
VisualStudioVersion = 17.7.34202.233
MinimumVisualStudioVersion = 10.0.40219.1
Project("{FAE04EC0-301F-11D3-BF4B-00C04F79EFBC}") = "Mathquiz", "Mathquiz\Mathquiz.csproj", "{E12366EF-587C-4B7A-96E3-790EC8CFAEDB}"
EndProject
Global
	GlobalSection(SolutionConfigurationPlatforms) = preSolution
		Debug|Any CPU = Debug|Any CPU
		Release|Any CPU = Release|Any CPU
	EndGlobalSection
	GlobalSection(ProjectConfigurationPlatforms) = postSolution
		{E12366EF-587C-4B7A-96E3-790EC8CFAEDB}.Debug|Any CPU.ActiveCfg = Debug|Any CPU
		{E12366EF-587C-4B7A-96E3-790EC8CFAEDB}.Debug|Any CPU.Build.0 = Debug|Any CPU
		{E12366EF-587C-4B7A-96E3-790EC8CFAEDB}.Release|Any CPU.ActiveCfg = Release|Any CPU
		{E12366EF-587C-4B7A-96E3-790EC8CFAEDB}.Release|Any CPU.Build.0 = Release|Any CPU
	EndGlobalSection
	GlobalSection(SolutionProperties) = preSolution
		HideSolutionNode = FALSE
	EndGlobalSection
	GlobalSection(ExtensibilityGlobals) = postSolution
		SolutionGuid = {C88B2A0B-82B3-4F2D-A0E9-8E1B9851BE25}
	EndGlobalSection
EndGlobal
